
Microsoft Visual Studio Solution File, Format Version 12.00
# Visual Studio Version 17
VisualStudioVersion = 17.4.33205.214
MinimumVisualStudioVersion = 10.0.40219.1
Project("{FAE04EC0-301F-11D3-BF4B-00C04F79EFBC}") = "ATP11A-UCY126_AS", "ATP11A-UCY126_AS\ATP11A-UCY126_AS.csproj", "{39058BCB-0989-4A6B-8868-41BCB64258E2}"
EndProject
Global
	GlobalSection(SolutionConfigurationPlatforms) = preSolution
		Debug|Any CPU = Debug|Any CPU
		Release|Any CPU = Release|Any CPU
	EndGlobalSection
	GlobalSection(ProjectConfigurationPlatforms) = postSolution
		{39058BCB-0989-4A6B-8868-41BCB64258E2}.Debug|Any CPU.ActiveCfg = Debug|Any CPU
		{39058BCB-0989-4A6B-8868-41BCB64258E2}.Debug|Any CPU.Build.0 = Debug|Any CPU
		{39058BCB-0989-4A6B-8868-41BCB64258E2}.Release|Any CPU.ActiveCfg = Release|Any CPU
		{39058BCB-0989-4A6B-8868-41BCB64258E2}.Release|Any CPU.Build.0 = Release|Any CPU
	EndGlobalSection
	GlobalSection(SolutionProperties) = preSolution
		HideSolutionNode = FALSE
	EndGlobalSection
	GlobalSection(ExtensibilityGlobals) = postSolution
		SolutionGuid = {C8B696AA-871F-4BD8-957A-77AB1FB4AC49}
	EndGlobalSection
EndGlobal
